# This file is automatically @generated by Cargo.
# It is not intended for manual editing.
version = 4

[[package]]
name = "winblaze-core"
version = "0.9.1"

[[package]]
name = "winblaze-index"
version = "0.9.1"
dependencies = [
 "winblaze-core",
]

[[package]]
name = "winblaze-native"
version = "0.9.1"
dependencies = [
 "winblaze-core",
 "winblaze-index",
 "winblaze-scanner",
]

[[package]]
name = "winblaze-scanner"
version = "0.9.1"
dependencies = [
 "winblaze-core",
]

[[package]]
name = "winblaze-tests"
version = "0.1.0"
dependencies = [
 "winblaze-core",
 "winblaze-index",
 "winblaze-scanner",
]

[[package]]
name = "winblaze-updater"
version = "0.9.1"
